
Microsoft Visual Studio Solution File, Format Version 12.00
# Visual Studio Version 17
VisualStudioVersion = 17.8.34511.84
MinimumVisualStudioVersion = 10.0.40219.1
Project("{FAE04EC0-301F-11D3-BF4B-00C04F79EFBC}") = "Spell Checker Antony Code", "Spell Checker Antony Code\Spell Checker Antony Code.csproj", "{150E38DB-FFF1-43F6-A9D5-4CA7EA13B8C4}"
EndProject
Global
	GlobalSection(SolutionConfigurationPlatforms) = preSolution
		Debug|Any CPU = Debug|Any CPU
		Release|Any CPU = Release|Any CPU
	EndGlobalSection
	GlobalSection(ProjectConfigurationPlatforms) = postSolution
		{150E38DB-FFF1-43F6-A9D5-4CA7EA13B8C4}.Debug|Any CPU.ActiveCfg = Debug|Any CPU
		{150E38DB-FFF1-43F6-A9D5-4CA7EA13B8C4}.Debug|Any CPU.Build.0 = Debug|Any CPU
		{150E38DB-FFF1-43F6-A9D5-4CA7EA13B8C4}.Release|Any CPU.ActiveCfg = Release|Any CPU
		{150E38DB-FFF1-43F6-A9D5-4CA7EA13B8C4}.Release|Any CPU.Build.0 = Release|Any CPU
	EndGlobalSection
	GlobalSection(SolutionProperties) = preSolution
		HideSolutionNode = FALSE
	EndGlobalSection
	GlobalSection(ExtensibilityGlobals) = postSolution
		SolutionGuid = {6C63F1C2-E20A-43D0-A752-B88CB0847523}
	EndGlobalSection
EndGlobal
